
Microsoft Visual Studio Solution File, Format Version 12.00
# Visual Studio Version 17
VisualStudioVersion = 17.10.34928.147
MinimumVisualStudioVersion = 10.0.40219.1
Project("{FAE04EC0-301F-11D3-BF4B-00C04F79EFBC}") = "Staff_API", "Staff_API.csproj", "{8196AC74-E493-4402-89EF-6226BFEB12BA}"
EndProject
Global
	GlobalSection(SolutionConfigurationPlatforms) = preSolution
		Debug|Any CPU = Debug|Any CPU
		Release|Any CPU = Release|Any CPU
	EndGlobalSection
	GlobalSection(ProjectConfigurationPlatforms) = postSolution
		{8196AC74-E493-4402-89EF-6226BFEB12BA}.Debug|Any CPU.ActiveCfg = Debug|Any CPU
		{8196AC74-E493-4402-89EF-6226BFEB12BA}.Debug|Any CPU.Build.0 = Debug|Any CPU
		{8196AC74-E493-4402-89EF-6226BFEB12BA}.Release|Any CPU.ActiveCfg = Release|Any CPU
		{8196AC74-E493-4402-89EF-6226BFEB12BA}.Release|Any CPU.Build.0 = Release|Any CPU
	EndGlobalSection
	GlobalSection(SolutionProperties) = preSolution
		HideSolutionNode = FALSE
	EndGlobalSection
	GlobalSection(ExtensibilityGlobals) = postSolution
		SolutionGuid = {70627DC8-D015-4D68-8CC9-B1FB42345B39}
	EndGlobalSection
EndGlobal
